
Microsoft Visual Studio Solution File, Format Version 12.00
# Visual Studio Express 2013 for Windows Desktop
VisualStudioVersion = 12.0.21005.1
MinimumVisualStudioVersion = 10.0.40219.1
Project("{FAE04EC0-301F-11D3-BF4B-00C04F79EFBC}") = "JiralogApp", "JiraLogApp\JiralogApp.csproj", "{BA7FDD60-11EB-420F-8076-EF86C1E8F5DF}"
EndProject
Project("{FAE04EC0-301F-11D3-BF4B-00C04F79EFBC}") = "JiraLogView", "JiralogView\JiraLogView.csproj", "{E8F3F68C-E952-4408-83B7-0C961E673519}"
EndProject
Project("{FAE04EC0-301F-11D3-BF4B-00C04F79EFBC}") = "JiraLogModel", "JiralogModel\JiraLogModel.csproj", "{D9209E9A-01CA-42FF-9EA0-9500F7CB5CE5}"
EndProject
Project("{FAE04EC0-301F-11D3-BF4B-00C04F79EFBC}") = "JiraLogController", "JiralogController\JiraLogController.csproj", "{3301E597-8892-47B2-9D53-CB14BBF22415}"
EndProject
Global
	GlobalSection(SolutionConfigurationPlatforms) = preSolution
		Debug|Any CPU = Debug|Any CPU
		Release|Any CPU = Release|Any CPU
	EndGlobalSection
	GlobalSection(ProjectConfigurationPlatforms) = postSolution
		{BA7FDD60-11EB-420F-8076-EF86C1E8F5DF}.Debug|Any CPU.ActiveCfg = Debug|Any CPU
		{BA7FDD60-11EB-420F-8076-EF86C1E8F5DF}.Debug|Any CPU.Build.0 = Debug|Any CPU
		{BA7FDD60-11EB-420F-8076-EF86C1E8F5DF}.Release|Any CPU.ActiveCfg = Release|Any CPU
		{BA7FDD60-11EB-420F-8076-EF86C1E8F5DF}.Release|Any CPU.Build.0 = Release|Any CPU
		{E8F3F68C-E952-4408-83B7-0C961E673519}.Debug|Any CPU.ActiveCfg = Debug|Any CPU
		{E8F3F68C-E952-4408-83B7-0C961E673519}.Debug|Any CPU.Build.0 = Debug|Any CPU
		{E8F3F68C-E952-4408-83B7-0C961E673519}.Release|Any CPU.ActiveCfg = Release|Any CPU
		{E8F3F68C-E952-4408-83B7-0C961E673519}.Release|Any CPU.Build.0 = Release|Any CPU
		{D9209E9A-01CA-42FF-9EA0-9500F7CB5CE5}.Debug|Any CPU.ActiveCfg = Debug|Any CPU
		{D9209E9A-01CA-42FF-9EA0-9500F7CB5CE5}.Debug|Any CPU.Build.0 = Debug|Any CPU
		{D9209E9A-01CA-42FF-9EA0-9500F7CB5CE5}.Release|Any CPU.ActiveCfg = Release|Any CPU
		{D9209E9A-01CA-42FF-9EA0-9500F7CB5CE5}.Release|Any CPU.Build.0 = Release|Any CPU
		{3301E597-8892-47B2-9D53-CB14BBF22415}.Debug|Any CPU.ActiveCfg = Debug|Any CPU
		{3301E597-8892-47B2-9D53-CB14BBF22415}.Debug|Any CPU.Build.0 = Debug|Any CPU
		{3301E597-8892-47B2-9D53-CB14BBF22415}.Release|Any CPU.ActiveCfg = Release|Any CPU
		{3301E597-8892-47B2-9D53-CB14BBF22415}.Release|Any CPU.Build.0 = Release|Any CPU
	EndGlobalSection
	GlobalSection(SolutionProperties) = preSolution
		HideSolutionNode = FALSE
	EndGlobalSection
EndGlobal
